
Microsoft Visual Studio Solution File, Format Version 12.00
# Visual Studio Version 17
VisualStudioVersion = 17.8.34511.84
MinimumVisualStudioVersion = 10.0.40219.1
Project("{9A19103F-16F7-4668-BE54-9A1E7A4F7556}") = "API", "API\API.csproj", "{586E5FAE-16AF-4461-BB5B-ADC2E6F077C2}"
EndProject
Project("{9A19103F-16F7-4668-BE54-9A1E7A4F7556}") = "Core", "Core\Core.csproj", "{EADA7F3B-3472-4C58-B418-A7F11A536042}"
EndProject
Global
	GlobalSection(SolutionConfigurationPlatforms) = preSolution
		Debug|Any CPU = Debug|Any CPU
		Release|Any CPU = Release|Any CPU
	EndGlobalSection
	GlobalSection(ProjectConfigurationPlatforms) = postSolution
		{586E5FAE-16AF-4461-BB5B-ADC2E6F077C2}.Debug|Any CPU.ActiveCfg = Debug|Any CPU
		{586E5FAE-16AF-4461-BB5B-ADC2E6F077C2}.Debug|Any CPU.Build.0 = Debug|Any CPU
		{586E5FAE-16AF-4461-BB5B-ADC2E6F077C2}.Release|Any CPU.ActiveCfg = Release|Any CPU
		{586E5FAE-16AF-4461-BB5B-ADC2E6F077C2}.Release|Any CPU.Build.0 = Release|Any CPU
		{EADA7F3B-3472-4C58-B418-A7F11A536042}.Debug|Any CPU.ActiveCfg = Debug|Any CPU
		{EADA7F3B-3472-4C58-B418-A7F11A536042}.Debug|Any CPU.Build.0 = Debug|Any CPU
		{EADA7F3B-3472-4C58-B418-A7F11A536042}.Release|Any CPU.ActiveCfg = Release|Any CPU
		{EADA7F3B-3472-4C58-B418-A7F11A536042}.Release|Any CPU.Build.0 = Release|Any CPU
	EndGlobalSection
	GlobalSection(SolutionProperties) = preSolution
		HideSolutionNode = FALSE
	EndGlobalSection
	GlobalSection(ExtensibilityGlobals) = postSolution
		SolutionGuid = {C0518330-1804-4676-B0E1-AC87ABAD4DF9}
	EndGlobalSection
EndGlobal
